
Microsoft Visual Studio Solution File, Format Version 12.00
# Visual Studio Version 17
VisualStudioVersion = 17.0.31903.59
MinimumVisualStudioVersion = 10.0.40219.1
Project("{FAE04EC0-301F-11D3-BF4B-00C04F79EFBC}") = "ResumeApp", "ResumeApp\ResumeApp.csproj", "{C5F7D542-5B23-4ACA-8D38-403F08D6C68B}"
EndProject
Global
	GlobalSection(SolutionConfigurationPlatforms) = preSolution
		Debug|Any CPU = Debug|Any CPU
		Release|Any CPU = Release|Any CPU
	EndGlobalSection
	GlobalSection(SolutionProperties) = preSolution
		HideSolutionNode = FALSE
	EndGlobalSection
	GlobalSection(ProjectConfigurationPlatforms) = postSolution
		{C5F7D542-5B23-4ACA-8D38-403F08D6C68B}.Debug|Any CPU.ActiveCfg = Debug|Any CPU
		{C5F7D542-5B23-4ACA-8D38-403F08D6C68B}.Debug|Any CPU.Build.0 = Debug|Any CPU
		{C5F7D542-5B23-4ACA-8D38-403F08D6C68B}.Release|Any CPU.ActiveCfg = Release|Any CPU
		{C5F7D542-5B23-4ACA-8D38-403F08D6C68B}.Release|Any CPU.Build.0 = Release|Any CPU
	EndGlobalSection
EndGlobal
